
Microsoft Visual Studio Solution File, Format Version 12.00
# Visual Studio 15
Project("{FAE04EC0-301F-11D3-BF4B-00C04F79EFBC}") = "Ming Ming and the Temple of Keld", "Assembly-CSharp.csproj", "{B93A6B2D-4E60-D9C1-0E43-454A262D6543}"
EndProject
Global
	GlobalSection(SolutionConfigurationPlatforms) = preSolution
		Debug|Any CPU = Debug|Any CPU
		Release|Any CPU = Release|Any CPU
	EndGlobalSection
	GlobalSection(ProjectConfigurationPlatforms) = postSolution
		{B93A6B2D-4E60-D9C1-0E43-454A262D6543}.Debug|Any CPU.ActiveCfg = Debug|Any CPU
		{B93A6B2D-4E60-D9C1-0E43-454A262D6543}.Debug|Any CPU.Build.0 = Debug|Any CPU
		{B93A6B2D-4E60-D9C1-0E43-454A262D6543}.Release|Any CPU.ActiveCfg = Release|Any CPU
		{B93A6B2D-4E60-D9C1-0E43-454A262D6543}.Release|Any CPU.Build.0 = Release|Any CPU
	EndGlobalSection
	GlobalSection(SolutionProperties) = preSolution
		HideSolutionNode = FALSE
	EndGlobalSection
EndGlobal
